{
  "name": "xjtupurple",
  "version": "1.0.0",
  "lockfileVersion": 1,
  "requires": true,
  "dependencies": {
    "core-js": {
      "version": "3.6.5",
      "resolved": "https://registry.npmjs.org/core-js/-/core-js-3.6.5.tgz",
      "integrity": "sha512-vZVEEwZoIsI+vPEuoF9Iqf5H7/M3eeQqWlQnYa8FSKKePuYTf5MWnxb5SDAzCa60b3JBRS5g9b+Dq7b1y/RCrA=="
    },
    "jquery": {
      "version": "3.5.1",
      "resolved": "https://registry.npmjs.org/jquery/-/jquery-3.5.1.tgz",
      "integrity": "sha512-XwIBPqcMn57FxfT+Go5pzySnm4KWkT1Tv7gjrpT1srtf8Weynl6R273VJ5GjkRb51IzMp5nbaPjJXMWeju2MKg=="
    },
    "vue": {
      "version": "2.6.12",
      "resolved": "https://registry.npmjs.org/vue/-/vue-2.6.12.tgz",
      "integrity": "sha512-uhmLFETqPPNyuLLbsKz6ioJ4q7AZHzD8ZVFNATNyICSZouqP2Sz0rotWQC8UNBF6VGSCs5abnKJoStA6JbCbfg=="
    },
    "vue-class-component": {
      "version": "7.2.5",
      "resolved": "https://registry.npmjs.org/vue-class-component/-/vue-class-component-7.2.5.tgz",
      "integrity": "sha512-0CSftHY0bDTD+4FbYkuFf6+iKDjZ4h2in2YYJDRMk5daZIjrgT9LjFHvP7Rzqy9/s1pij3zDtTSLRUjsPWMwqg=="
    },
    "vue-property-decorator": {
      "version": "8.5.1",
      "resolved": "https://registry.npmjs.org/vue-property-decorator/-/vue-property-decorator-8.5.1.tgz",
      "integrity": "sha512-O6OUN2OMsYTGPvgFtXeBU3jPnX5ffQ9V4I1WfxFQ6dqz6cOUbR3Usou7kgFpfiXDvV7dJQSFcJ5yUPgOtPPm1Q==",
      "requires": {
        "vue-class-component": "^7.1.0"
      }
    },
    "vue-slider-component": {
      "version": "3.2.5",
      "resolved": "https://registry.npmjs.org/vue-slider-component/-/vue-slider-component-3.2.5.tgz",
      "integrity": "sha512-re1OSpfYHM6Un22/vlAnCb8QtBcxXuno/7/D5z8sGTZNXBgK32zBbz1p/WNwj/qrlCegEEzqfX7Khd4TD4YNXA==",
      "requires": {
        "core-js": "^3.6.5",
        "vue-property-decorator": "^8.0.0"
      }
    }
  }
}
